
Microsoft Visual Studio Solution File, Format Version 12.00
# Visual Studio 15
VisualStudioVersion = 15.0.27130.2003
MinimumVisualStudioVersion = 10.0.40219.1
Project("{FAE04EC0-301F-11D3-BF4B-00C04F79EFBC}") = "BJUTDUHelperXamarin.Droid", "BJUTDUHelperXamarin\BJUTDUHelperXamarin.Droid\BJUTDUHelperXamarin.Droid.csproj", "{951A18A7-824F-4A12-BBB8-5EDBB550D724}"
EndProject
Project("{FAE04EC0-301F-11D3-BF4B-00C04F79EFBC}") = "BJUTDUHelperXamarin.iOS", "BJUTDUHelperXamarin\BJUTDUHelperXamarin.iOS\BJUTDUHelperXamarin.iOS.csproj", "{EDA579CD-A03F-4799-959C-00499BD1C492}"
EndProject
Project("{9A19103F-16F7-4668-BE54-9A1E7A4F7556}") = "BJUTDUHelperXamarin", "BJUTDUHelperXamarin\BJUTDUHelperXamarin\BJUTDUHelperXamarin.csproj", "{B668FB6D-B31F-4A68-A39D-0563C42A8F4F}"
	ProjectSection(ProjectDependencies) = postProject
		{F0827266-B7B7-4B98-BDE4-BDFB30A149AA} = {F0827266-B7B7-4B98-BDE4-BDFB30A149AA}
	EndProjectSection
EndProject
Project("{9A19103F-16F7-4668-BE54-9A1E7A4F7556}") = "PivotPagePortable", "BJUTDUHelperXamarin\PivotPagePortable\PivotPagePortable.csproj", "{C061487C-0AD3-444E-B159-6B768F2D4EA8}"
EndProject
Project("{FAE04EC0-301F-11D3-BF4B-00C04F79EFBC}") = "BaiduNotification", "BaiduNotification\BaiduNotification.csproj", "{F0827266-B7B7-4B98-BDE4-BDFB30A149AA}"
EndProject
Global
	GlobalSection(SolutionConfigurationPlatforms) = preSolution
		Ad-Hoc|Any CPU = Ad-Hoc|Any CPU
		Ad-Hoc|ARM = Ad-Hoc|ARM
		Ad-Hoc|iPhone = Ad-Hoc|iPhone
		Ad-Hoc|iPhoneSimulator = Ad-Hoc|iPhoneSimulator
		Ad-Hoc|x64 = Ad-Hoc|x64
		Ad-Hoc|x86 = Ad-Hoc|x86
		AppStore|Any CPU = AppStore|Any CPU
		AppStore|ARM = AppStore|ARM
		AppStore|iPhone = AppStore|iPhone
		AppStore|iPhoneSimulator = AppStore|iPhoneSimulator
		AppStore|x64 = AppStore|x64
		AppStore|x86 = AppStore|x86
		Debug|Any CPU = Debug|Any CPU
		Debug|ARM = Debug|ARM
		Debug|iPhone = Debug|iPhone
		Debug|iPhoneSimulator = Debug|iPhoneSimulator
		Debug|x64 = Debug|x64
		Debug|x86 = Debug|x86
		Release|Any CPU = Release|Any CPU
		Release|ARM = Release|ARM
		Release|iPhone = Release|iPhone
		Release|iPhoneSimulator = Release|iPhoneSimulator
		Release|x64 = Release|x64
		Release|x86 = Release|x86
		Test|Any CPU = Test|Any CPU
		Test|ARM = Test|ARM
		Test|iPhone = Test|iPhone
		Test|iPhoneSimulator = Test|iPhoneSimulator
		Test|x64 = Test|x64
		Test|x86 = Test|x86
	EndGlobalSection
	GlobalSection(ProjectConfigurationPlatforms) = postSolution
		{951A18A7-824F-4A12-BBB8-5EDBB550D724}.Ad-Hoc|Any CPU.ActiveCfg = Release|Any CPU
		{951A18A7-824F-4A12-BBB8-5EDBB550D724}.Ad-Hoc|Any CPU.Build.0 = Release|Any CPU
		{951A18A7-824F-4A12-BBB8-5EDBB550D724}.Ad-Hoc|Any CPU.Deploy.0 = Release|Any CPU
		{951A18A7-824F-4A12-BBB8-5EDBB550D724}.Ad-Hoc|ARM.ActiveCfg = Release|Any CPU
		{951A18A7-824F-4A12-BBB8-5EDBB550D724}.Ad-Hoc|ARM.Build.0 = Release|Any CPU
		{951A18A7-824F-4A12-BBB8-5EDBB550D724}.Ad-Hoc|ARM.Deploy.0 = Release|Any CPU
		{951A18A7-824F-4A12-BBB8-5EDBB550D724}.Ad-Hoc|iPhone.ActiveCfg = Release|Any CPU
		{951A18A7-824F-4A12-BBB8-5EDBB550D724}.Ad-Hoc|iPhone.Build.0 = Release|Any CPU
		{951A18A7-824F-4A12-BBB8-5EDBB550D724}.Ad-Hoc|iPhone.Deploy.0 = Release|Any CPU
		{951A18A7-824F-4A12-BBB8-5EDBB550D724}.Ad-Hoc|iPhoneSimulator.ActiveCfg = Release|Any CPU
		{951A18A7-824F-4A12-BBB8-5EDBB550D724}.Ad-Hoc|iPhoneSimulator.Build.0 = Release|Any CPU
		{951A18A7-824F-4A12-BBB8-5EDBB550D724}.Ad-Hoc|iPhoneSimulator.Deploy.0 = Release|Any CPU
		{951A18A7-824F-4A12-BBB8-5EDBB550D724}.Ad-Hoc|x64.ActiveCfg = Release|Any CPU
		{951A18A7-824F-4A12-BBB8-5EDBB550D724}.Ad-Hoc|x64.Build.0 = Release|Any CPU
		{951A18A7-824F-4A12-BBB8-5EDBB550D724}.Ad-Hoc|x64.Deploy.0 = Release|Any CPU
		{951A18A7-824F-4A12-BBB8-5EDBB550D724}.Ad-Hoc|x86.ActiveCfg = Release|Any CPU
		{951A18A7-824F-4A12-BBB8-5EDBB550D724}.Ad-Hoc|x86.Build.0 = Release|Any CPU
		{951A18A7-824F-4A12-BBB8-5EDBB550D724}.Ad-Hoc|x86.Deploy.0 = Release|Any CPU
		{951A18A7-824F-4A12-BBB8-5EDBB550D724}.AppStore|Any CPU.ActiveCfg = Release|Any CPU
		{951A18A7-824F-4A12-BBB8-5EDBB550D724}.AppStore|Any CPU.Build.0 = Release|Any CPU
		{951A18A7-824F-4A12-BBB8-5EDBB550D724}.AppStore|Any CPU.Deploy.0 = Release|Any CPU
		{951A18A7-824F-4A12-BBB8-5EDBB550D724}.AppStore|ARM.ActiveCfg = Release|Any CPU
		{951A18A7-824F-4A12-BBB8-5EDBB550D724}.AppStore|ARM.Build.0 = Release|Any CPU
		{951A18A7-824F-4A12-BBB8-5EDBB550D724}.AppStore|ARM.Deploy.0 = Release|Any CPU
		{951A18A7-824F-4A12-BBB8-5EDBB550D724}.AppStore|iPhone.ActiveCfg = Release|Any CPU
		{951A18A7-824F-4A12-BBB8-5EDBB550D724}.AppStore|iPhone.Build.0 = Release|Any CPU
		{951A18A7-824F-4A12-BBB8-5EDBB550D724}.AppStore|iPhone.Deploy.0 = Release|Any CPU
		{951A18A7-824F-4A12-BBB8-5EDBB550D724}.AppStore|iPhoneSimulator.ActiveCfg = Release|Any CPU
		{951A18A7-824F-4A12-BBB8-5EDBB550D724}.AppStore|iPhoneSimulator.Build.0 = Release|Any CPU
		{951A18A7-824F-4A12-BBB8-5EDBB550D724}.AppStore|iPhoneSimulator.Deploy.0 = Release|Any CPU
		{951A18A7-824F-4A12-BBB8-5EDBB550D724}.AppStore|x64.ActiveCfg = Release|Any CPU
		{951A18A7-824F-4A12-BBB8-5EDBB550D724}.AppStore|x64.Build.0 = Release|Any CPU
		{951A18A7-824F-4A12-BBB8-5EDBB550D724}.AppStore|x64.Deploy.0 = Release|Any CPU
		{951A18A7-824F-4A12-BBB8-5EDBB550D724}.AppStore|x86.ActiveCfg = Release|Any CPU
		{951A18A7-824F-4A12-BBB8-5EDBB550D724}.AppStore|x86.Build.0 = Release|Any CPU
		{951A18A7-824F-4A12-BBB8-5EDBB550D724}.AppStore|x86.Deploy.0 = Release|Any CPU
		{951A18A7-824F-4A12-BBB8-5EDBB550D724}.Debug|Any CPU.ActiveCfg = Debug|Any CPU
		{951A18A7-824F-4A12-BBB8-5EDBB550D724}.Debug|Any CPU.Build.0 = Debug|Any CPU
		{951A18A7-824F-4A12-BBB8-5EDBB550D724}.Debug|Any CPU.Deploy.0 = Debug|Any CPU
		{951A18A7-824F-4A12-BBB8-5EDBB550D724}.Debug|ARM.ActiveCfg = Debug|Any CPU
		{951A18A7-824F-4A12-BBB8-5EDBB550D724}.Debug|ARM.Build.0 = Debug|Any CPU
		{951A18A7-824F-4A12-BBB8-5EDBB550D724}.Debug|ARM.Deploy.0 = Debug|Any CPU
		{951A18A7-824F-4A12-BBB8-5EDBB550D724}.Debug|iPhone.ActiveCfg = Debug|Any CPU
		{951A18A7-824F-4A12-BBB8-5EDBB550D724}.Debug|iPhone.Build.0 = Debug|Any CPU
		{951A18A7-824F-4A12-BBB8-5EDBB550D724}.Debug|iPhone.Deploy.0 = Debug|Any CPU
		{951A18A7-824F-4A12-BBB8-5EDBB550D724}.Debug|iPhoneSimulator.ActiveCfg = Debug|Any CPU
		{951A18A7-824F-4A12-BBB8-5EDBB550D724}.Debug|iPhoneSimulator.Build.0 = Debug|Any CPU
		{951A18A7-824F-4A12-BBB8-5EDBB550D724}.Debug|iPhoneSimulator.Deploy.0 = Debug|Any CPU
		{951A18A7-824F-4A12-BBB8-5EDBB550D724}.Debug|x64.ActiveCfg = Debug|Any CPU
		{951A18A7-824F-4A12-BBB8-5EDBB550D724}.Debug|x64.Build.0 = Debug|Any CPU
		{951A18A7-824F-4A12-BBB8-5EDBB550D724}.Debug|x64.Deploy.0 = Debug|Any CPU
		{951A18A7-824F-4A12-BBB8-5EDBB550D724}.Debug|x86.ActiveCfg = Debug|Any CPU
		{951A18A7-824F-4A12-BBB8-5EDBB550D724}.Debug|x86.Build.0 = Debug|Any CPU
		{951A18A7-824F-4A12-BBB8-5EDBB550D724}.Debug|x86.Deploy.0 = Debug|Any CPU
		{951A18A7-824F-4A12-BBB8-5EDBB550D724}.Release|Any CPU.ActiveCfg = Release|Any CPU
		{951A18A7-824F-4A12-BBB8-5EDBB550D724}.Release|Any CPU.Build.0 = Release|Any CPU
		{951A18A7-824F-4A12-BBB8-5EDBB550D724}.Release|Any CPU.Deploy.0 = Release|Any CPU
		{951A18A7-824F-4A12-BBB8-5EDBB550D724}.Release|ARM.ActiveCfg = Release|Any CPU
		{951A18A7-824F-4A12-BBB8-5EDBB550D724}.Release|ARM.Build.0 = Release|Any CPU
		{951A18A7-824F-4A12-BBB8-5EDBB550D724}.Release|ARM.Deploy.0 = Release|Any CPU
		{951A18A7-824F-4A12-BBB8-5EDBB550D724}.Release|iPhone.ActiveCfg = Release|Any CPU
		{951A18A7-824F-4A12-BBB8-5EDBB550D724}.Release|iPhone.Build.0 = Release|Any CPU
		{951A18A7-824F-4A12-BBB8-5EDBB550D724}.Release|iPhone.Deploy.0 = Release|Any CPU
		{951A18A7-824F-4A12-BBB8-5EDBB550D724}.Release|iPhoneSimulator.ActiveCfg = Release|Any CPU
		{951A18A7-824F-4A12-BBB8-5EDBB550D724}.Release|iPhoneSimulator.Build.0 = Release|Any CPU
		{951A18A7-824F-4A12-BBB8-5EDBB550D724}.Release|iPhoneSimulator.Deploy.0 = Release|Any CPU
		{951A18A7-824F-4A12-BBB8-5EDBB550D724}.Release|x64.ActiveCfg = Release|Any CPU
		{951A18A7-824F-4A12-BBB8-5EDBB550D724}.Release|x64.Build.0 = Release|Any CPU
		{951A18A7-824F-4A12-BBB8-5EDBB550D724}.Release|x64.Deploy.0 = Release|Any CPU
		{951A18A7-824F-4A12-BBB8-5EDBB550D724}.Release|x86.ActiveCfg = Release|Any CPU
		{951A18A7-824F-4A12-BBB8-5EDBB550D724}.Release|x86.Build.0 = Release|Any CPU
		{951A18A7-824F-4A12-BBB8-5EDBB550D724}.Release|x86.Deploy.0 = Release|Any CPU
		{951A18A7-824F-4A12-BBB8-5EDBB550D724}.Test|Any CPU.ActiveCfg = Debug|Any CPU
		{951A18A7-824F-4A12-BBB8-5EDBB550D724}.Test|Any CPU.Build.0 = Debug|Any CPU
		{951A18A7-824F-4A12-BBB8-5EDBB550D724}.Test|Any CPU.Deploy.0 = Debug|Any CPU
		{951A18A7-824F-4A12-BBB8-5EDBB550D724}.Test|ARM.ActiveCfg = Debug|Any CPU
		{951A18A7-824F-4A12-BBB8-5EDBB550D724}.Test|ARM.Build.0 = Debug|Any CPU
		{951A18A7-824F-4A12-BBB8-5EDBB550D724}.Test|ARM.Deploy.0 = Debug|Any CPU
		{951A18A7-824F-4A12-BBB8-5EDBB550D724}.Test|iPhone.ActiveCfg = Debug|Any CPU
		{951A18A7-824F-4A12-BBB8-5EDBB550D724}.Test|iPhone.Build.0 = Debug|Any CPU
		{951A18A7-824F-4A12-BBB8-5EDBB550D724}.Test|iPhone.Deploy.0 = Debug|Any CPU
		{951A18A7-824F-4A12-BBB8-5EDBB550D724}.Test|iPhoneSimulator.ActiveCfg = Debug|Any CPU
		{951A18A7-824F-4A12-BBB8-5EDBB550D724}.Test|iPhoneSimulator.Build.0 = Debug|Any CPU
		{951A18A7-824F-4A12-BBB8-5EDBB550D724}.Test|iPhoneSimulator.Deploy.0 = Debug|Any CPU
		{951A18A7-824F-4A12-BBB8-5EDBB550D724}.Test|x64.ActiveCfg = Debug|Any CPU
		{951A18A7-824F-4A12-BBB8-5EDBB550D724}.Test|x64.Build.0 = Debug|Any CPU
		{951A18A7-824F-4A12-BBB8-5EDBB550D724}.Test|x64.Deploy.0 = Debug|Any CPU
		{951A18A7-824F-4A12-BBB8-5EDBB550D724}.Test|x86.ActiveCfg = Debug|Any CPU
		{951A18A7-824F-4A12-BBB8-5EDBB550D724}.Test|x86.Build.0 = Debug|Any CPU
		{951A18A7-824F-4A12-BBB8-5EDBB550D724}.Test|x86.Deploy.0 = Debug|Any CPU
		{EDA579CD-A03F-4799-959C-00499BD1C492}.Ad-Hoc|Any CPU.ActiveCfg = Ad-Hoc|iPhone
		{EDA579CD-A03F-4799-959C-00499BD1C492}.Ad-Hoc|ARM.ActiveCfg = Ad-Hoc|iPhone
		{EDA579CD-A03F-4799-959C-00499BD1C492}.Ad-Hoc|iPhone.ActiveCfg = Ad-Hoc|iPhone
		{EDA579CD-A03F-4799-959C-00499BD1C492}.Ad-Hoc|iPhone.Build.0 = Ad-Hoc|iPhone
		{EDA579CD-A03F-4799-959C-00499BD1C492}.Ad-Hoc|iPhoneSimulator.ActiveCfg = Ad-Hoc|iPhoneSimulator
		{EDA579CD-A03F-4799-959C-00499BD1C492}.Ad-Hoc|iPhoneSimulator.Build.0 = Ad-Hoc|iPhoneSimulator
		{EDA579CD-A03F-4799-959C-00499BD1C492}.Ad-Hoc|x64.ActiveCfg = Ad-Hoc|iPhone
		{EDA579CD-A03F-4799-959C-00499BD1C492}.Ad-Hoc|x86.ActiveCfg = Ad-Hoc|iPhone
		{EDA579CD-A03F-4799-959C-00499BD1C492}.AppStore|Any CPU.ActiveCfg = AppStore|iPhone
		{EDA579CD-A03F-4799-959C-00499BD1C492}.AppStore|ARM.ActiveCfg = AppStore|iPhone
		{EDA579CD-A03F-4799-959C-00499BD1C492}.AppStore|iPhone.ActiveCfg = AppStore|iPhone
		{EDA579CD-A03F-4799-959C-00499BD1C492}.AppStore|iPhone.Build.0 = AppStore|iPhone
		{EDA579CD-A03F-4799-959C-00499BD1C492}.AppStore|iPhoneSimulator.ActiveCfg = AppStore|iPhoneSimulator
		{EDA579CD-A03F-4799-959C-00499BD1C492}.AppStore|iPhoneSimulator.Build.0 = AppStore|iPhoneSimulator
		{EDA579CD-A03F-4799-959C-00499BD1C492}.AppStore|x64.ActiveCfg = AppStore|iPhone
		{EDA579CD-A03F-4799-959C-00499BD1C492}.AppStore|x86.ActiveCfg = AppStore|iPhone
		{EDA579CD-A03F-4799-959C-00499BD1C492}.Debug|Any CPU.ActiveCfg = Debug|iPhone
		{EDA579CD-A03F-4799-959C-00499BD1C492}.Debug|ARM.ActiveCfg = Debug|iPhone
		{EDA579CD-A03F-4799-959C-00499BD1C492}.Debug|iPhone.ActiveCfg = Debug|iPhone
		{EDA579CD-A03F-4799-959C-00499BD1C492}.Debug|iPhone.Build.0 = Debug|iPhone
		{EDA579CD-A03F-4799-959C-00499BD1C492}.Debug|iPhoneSimulator.ActiveCfg = Debug|iPhoneSimulator
		{EDA579CD-A03F-4799-959C-00499BD1C492}.Debug|iPhoneSimulator.Build.0 = Debug|iPhoneSimulator
		{EDA579CD-A03F-4799-959C-00499BD1C492}.Debug|x64.ActiveCfg = Debug|iPhone
		{EDA579CD-A03F-4799-959C-00499BD1C492}.Debug|x86.ActiveCfg = Debug|iPhone
		{EDA579CD-A03F-4799-959C-00499BD1C492}.Release|Any CPU.ActiveCfg = Release|iPhone
		{EDA579CD-A03F-4799-959C-00499BD1C492}.Release|ARM.ActiveCfg = Release|iPhone
		{EDA579CD-A03F-4799-959C-00499BD1C492}.Release|iPhone.ActiveCfg = Release|iPhone
		{EDA579CD-A03F-4799-959C-00499BD1C492}.Release|iPhone.Build.0 = Release|iPhone
		{EDA579CD-A03F-4799-959C-00499BD1C492}.Release|iPhoneSimulator.ActiveCfg = Release|iPhoneSimulator
		{EDA579CD-A03F-4799-959C-00499BD1C492}.Release|iPhoneSimulator.Build.0 = Release|iPhoneSimulator
		{EDA579CD-A03F-4799-959C-00499BD1C492}.Release|x64.ActiveCfg = Release|iPhone
		{EDA579CD-A03F-4799-959C-00499BD1C492}.Release|x86.ActiveCfg = Release|iPhone
		{EDA579CD-A03F-4799-959C-00499BD1C492}.Test|Any CPU.ActiveCfg = Release|iPhoneSimulator
		{EDA579CD-A03F-4799-959C-00499BD1C492}.Test|Any CPU.Build.0 = Release|iPhoneSimulator
		{EDA579CD-A03F-4799-959C-00499BD1C492}.Test|ARM.ActiveCfg = Release|iPhoneSimulator
		{EDA579CD-A03F-4799-959C-00499BD1C492}.Test|ARM.Build.0 = Release|iPhoneSimulator
		{EDA579CD-A03F-4799-959C-00499BD1C492}.Test|iPhone.ActiveCfg = Release|iPhone
		{EDA579CD-A03F-4799-959C-00499BD1C492}.Test|iPhone.Build.0 = Release|iPhone
		{EDA579CD-A03F-4799-959C-00499BD1C492}.Test|iPhoneSimulator.ActiveCfg = Release|iPhoneSimulator
		{EDA579CD-A03F-4799-959C-00499BD1C492}.Test|iPhoneSimulator.Build.0 = Release|iPhoneSimulator
		{EDA579CD-A03F-4799-959C-00499BD1C492}.Test|x64.ActiveCfg = Release|iPhoneSimulator
		{EDA579CD-A03F-4799-959C-00499BD1C492}.Test|x64.Build.0 = Release|iPhoneSimulator
		{EDA579CD-A03F-4799-959C-00499BD1C492}.Test|x86.ActiveCfg = Release|iPhoneSimulator
		{EDA579CD-A03F-4799-959C-00499BD1C492}.Test|x86.Build.0 = Release|iPhoneSimulator
		{B668FB6D-B31F-4A68-A39D-0563C42A8F4F}.Ad-Hoc|Any CPU.ActiveCfg = Debug|Any CPU
		{B668FB6D-B31F-4A68-A39D-0563C42A8F4F}.Ad-Hoc|Any CPU.Build.0 = Debug|Any CPU
		{B668FB6D-B31F-4A68-A39D-0563C42A8F4F}.Ad-Hoc|ARM.ActiveCfg = Debug|Any CPU
		{B668FB6D-B31F-4A68-A39D-0563C42A8F4F}.Ad-Hoc|ARM.Build.0 = Debug|Any CPU
		{B668FB6D-B31F-4A68-A39D-0563C42A8F4F}.Ad-Hoc|iPhone.ActiveCfg = Debug|Any CPU
		{B668FB6D-B31F-4A68-A39D-0563C42A8F4F}.Ad-Hoc|iPhone.Build.0 = Debug|Any CPU
		{B668FB6D-B31F-4A68-A39D-0563C42A8F4F}.Ad-Hoc|iPhoneSimulator.ActiveCfg = Debug|Any CPU
		{B668FB6D-B31F-4A68-A39D-0563C42A8F4F}.Ad-Hoc|iPhoneSimulator.Build.0 = Debug|Any CPU
		{B668FB6D-B31F-4A68-A39D-0563C42A8F4F}.Ad-Hoc|x64.ActiveCfg = Debug|Any CPU
		{B668FB6D-B31F-4A68-A39D-0563C42A8F4F}.Ad-Hoc|x64.Build.0 = Debug|Any CPU
		{B668FB6D-B31F-4A68-A39D-0563C42A8F4F}.Ad-Hoc|x86.ActiveCfg = Debug|Any CPU
		{B668FB6D-B31F-4A68-A39D-0563C42A8F4F}.Ad-Hoc|x86.Build.0 = Debug|Any CPU
		{B668FB6D-B31F-4A68-A39D-0563C42A8F4F}.AppStore|Any CPU.ActiveCfg = Debug|Any CPU
		{B668FB6D-B31F-4A68-A39D-0563C42A8F4F}.AppStore|Any CPU.Build.0 = Debug|Any CPU
		{B668FB6D-B31F-4A68-A39D-0563C42A8F4F}.AppStore|ARM.ActiveCfg = Debug|Any CPU
		{B668FB6D-B31F-4A68-A39D-0563C42A8F4F}.AppStore|ARM.Build.0 = Debug|Any CPU
		{B668FB6D-B31F-4A68-A39D-0563C42A8F4F}.AppStore|iPhone.ActiveCfg = Debug|Any CPU
		{B668FB6D-B31F-4A68-A39D-0563C42A8F4F}.AppStore|iPhone.Build.0 = Debug|Any CPU
		{B668FB6D-B31F-4A68-A39D-0563C42A8F4F}.AppStore|iPhoneSimulator.ActiveCfg = Debug|Any CPU
		{B668FB6D-B31F-4A68-A39D-0563C42A8F4F}.AppStore|iPhoneSimulator.Build.0 = Debug|Any CPU
		{B668FB6D-B31F-4A68-A39D-0563C42A8F4F}.AppStore|x64.ActiveCfg = Debug|Any CPU
		{B668FB6D-B31F-4A68-A39D-0563C42A8F4F}.AppStore|x64.Build.0 = Debug|Any CPU
		{B668FB6D-B31F-4A68-A39D-0563C42A8F4F}.AppStore|x86.ActiveCfg = Debug|Any CPU
		{B668FB6D-B31F-4A68-A39D-0563C42A8F4F}.AppStore|x86.Build.0 = Debug|Any CPU
		{B668FB6D-B31F-4A68-A39D-0563C42A8F4F}.Debug|Any CPU.ActiveCfg = Debug|Any CPU
		{B668FB6D-B31F-4A68-A39D-0563C42A8F4F}.Debug|Any CPU.Build.0 = Debug|Any CPU
		{B668FB6D-B31F-4A68-A39D-0563C42A8F4F}.Debug|ARM.ActiveCfg = Debug|Any CPU
		{B668FB6D-B31F-4A68-A39D-0563C42A8F4F}.Debug|ARM.Build.0 = Debug|Any CPU
		{B668FB6D-B31F-4A68-A39D-0563C42A8F4F}.Debug|iPhone.ActiveCfg = Debug|Any CPU
		{B668FB6D-B31F-4A68-A39D-0563C42A8F4F}.Debug|iPhone.Build.0 = Debug|Any CPU
		{B668FB6D-B31F-4A68-A39D-0563C42A8F4F}.Debug|iPhoneSimulator.ActiveCfg = Debug|Any CPU
		{B668FB6D-B31F-4A68-A39D-0563C42A8F4F}.Debug|iPhoneSimulator.Build.0 = Debug|Any CPU
		{B668FB6D-B31F-4A68-A39D-0563C42A8F4F}.Debug|x64.ActiveCfg = Debug|Any CPU
		{B668FB6D-B31F-4A68-A39D-0563C42A8F4F}.Debug|x64.Build.0 = Debug|Any CPU
		{B668FB6D-B31F-4A68-A39D-0563C42A8F4F}.Debug|x86.ActiveCfg = Debug|Any CPU
		{B668FB6D-B31F-4A68-A39D-0563C42A8F4F}.Debug|x86.Build.0 = Debug|Any CPU
		{B668FB6D-B31F-4A68-A39D-0563C42A8F4F}.Release|Any CPU.ActiveCfg = Release|Any CPU
		{B668FB6D-B31F-4A68-A39D-0563C42A8F4F}.Release|Any CPU.Build.0 = Release|Any CPU
		{B668FB6D-B31F-4A68-A39D-0563C42A8F4F}.Release|ARM.ActiveCfg = Release|Any CPU
		{B668FB6D-B31F-4A68-A39D-0563C42A8F4F}.Release|ARM.Build.0 = Release|Any CPU
		{B668FB6D-B31F-4A68-A39D-0563C42A8F4F}.Release|iPhone.ActiveCfg = Release|Any CPU
		{B668FB6D-B31F-4A68-A39D-0563C42A8F4F}.Release|iPhone.Build.0 = Release|Any CPU
		{B668FB6D-B31F-4A68-A39D-0563C42A8F4F}.Release|iPhoneSimulator.ActiveCfg = Release|Any CPU
		{B668FB6D-B31F-4A68-A39D-0563C42A8F4F}.Release|iPhoneSimulator.Build.0 = Release|Any CPU
		{B668FB6D-B31F-4A68-A39D-0563C42A8F4F}.Release|x64.ActiveCfg = Release|Any CPU
		{B668FB6D-B31F-4A68-A39D-0563C42A8F4F}.Release|x64.Build.0 = Release|Any CPU
		{B668FB6D-B31F-4A68-A39D-0563C42A8F4F}.Release|x86.ActiveCfg = Release|Any CPU
		{B668FB6D-B31F-4A68-A39D-0563C42A8F4F}.Release|x86.Build.0 = Release|Any CPU
		{B668FB6D-B31F-4A68-A39D-0563C42A8F4F}.Test|Any CPU.ActiveCfg = Debug|Any CPU
		{B668FB6D-B31F-4A68-A39D-0563C42A8F4F}.Test|Any CPU.Build.0 = Debug|Any CPU
		{B668FB6D-B31F-4A68-A39D-0563C42A8F4F}.Test|ARM.ActiveCfg = Debug|Any CPU
		{B668FB6D-B31F-4A68-A39D-0563C42A8F4F}.Test|ARM.Build.0 = Debug|Any CPU
		{B668FB6D-B31F-4A68-A39D-0563C42A8F4F}.Test|iPhone.ActiveCfg = Debug|Any CPU
		{B668FB6D-B31F-4A68-A39D-0563C42A8F4F}.Test|iPhone.Build.0 = Debug|Any CPU
		{B668FB6D-B31F-4A68-A39D-0563C42A8F4F}.Test|iPhoneSimulator.ActiveCfg = Debug|Any CPU
		{B668FB6D-B31F-4A68-A39D-0563C42A8F4F}.Test|iPhoneSimulator.Build.0 = Debug|Any CPU
		{B668FB6D-B31F-4A68-A39D-0563C42A8F4F}.Test|x64.ActiveCfg = Debug|Any CPU
		{B668FB6D-B31F-4A68-A39D-0563C42A8F4F}.Test|x64.Build.0 = Debug|Any CPU
		{B668FB6D-B31F-4A68-A39D-0563C42A8F4F}.Test|x86.ActiveCfg = Debug|Any CPU
		{B668FB6D-B31F-4A68-A39D-0563C42A8F4F}.Test|x86.Build.0 = Debug|Any CPU
		{C061487C-0AD3-444E-B159-6B768F2D4EA8}.Ad-Hoc|Any CPU.ActiveCfg = Debug|Any CPU
		{C061487C-0AD3-444E-B159-6B768F2D4EA8}.Ad-Hoc|Any CPU.Build.0 = Debug|Any CPU
		{C061487C-0AD3-444E-B159-6B768F2D4EA8}.Ad-Hoc|ARM.ActiveCfg = Debug|Any CPU
		{C061487C-0AD3-444E-B159-6B768F2D4EA8}.Ad-Hoc|ARM.Build.0 = Debug|Any CPU
		{C061487C-0AD3-444E-B159-6B768F2D4EA8}.Ad-Hoc|iPhone.ActiveCfg = Debug|Any CPU
		{C061487C-0AD3-444E-B159-6B768F2D4EA8}.Ad-Hoc|iPhone.Build.0 = Debug|Any CPU
		{C061487C-0AD3-444E-B159-6B768F2D4EA8}.Ad-Hoc|iPhoneSimulator.ActiveCfg = Debug|Any CPU
		{C061487C-0AD3-444E-B159-6B768F2D4EA8}.Ad-Hoc|iPhoneSimulator.Build.0 = Debug|Any CPU
		{C061487C-0AD3-444E-B159-6B768F2D4EA8}.Ad-Hoc|x64.ActiveCfg = Debug|Any CPU
		{C061487C-0AD3-444E-B159-6B768F2D4EA8}.Ad-Hoc|x64.Build.0 = Debug|Any CPU
		{C061487C-0AD3-444E-B159-6B768F2D4EA8}.Ad-Hoc|x86.ActiveCfg = Debug|Any CPU
		{C061487C-0AD3-444E-B159-6B768F2D4EA8}.Ad-Hoc|x86.Build.0 = Debug|Any CPU
		{C061487C-0AD3-444E-B159-6B768F2D4EA8}.AppStore|Any CPU.ActiveCfg = Debug|Any CPU
		{C061487C-0AD3-444E-B159-6B768F2D4EA8}.AppStore|Any CPU.Build.0 = Debug|Any CPU
		{C061487C-0AD3-444E-B159-6B768F2D4EA8}.AppStore|ARM.ActiveCfg = Debug|Any CPU
		{C061487C-0AD3-444E-B159-6B768F2D4EA8}.AppStore|ARM.Build.0 = Debug|Any CPU
		{C061487C-0AD3-444E-B159-6B768F2D4EA8}.AppStore|iPhone.ActiveCfg = Debug|Any CPU
		{C061487C-0AD3-444E-B159-6B768F2D4EA8}.AppStore|iPhone.Build.0 = Debug|Any CPU
		{C061487C-0AD3-444E-B159-6B768F2D4EA8}.AppStore|iPhoneSimulator.ActiveCfg = Debug|Any CPU
		{C061487C-0AD3-444E-B159-6B768F2D4EA8}.AppStore|iPhoneSimulator.Build.0 = Debug|Any CPU
		{C061487C-0AD3-444E-B159-6B768F2D4EA8}.AppStore|x64.ActiveCfg = Debug|Any CPU
		{C061487C-0AD3-444E-B159-6B768F2D4EA8}.AppStore|x64.Build.0 = Debug|Any CPU
		{C061487C-0AD3-444E-B159-6B768F2D4EA8}.AppStore|x86.ActiveCfg = Debug|Any CPU
		{C061487C-0AD3-444E-B159-6B768F2D4EA8}.AppStore|x86.Build.0 = Debug|Any CPU
		{C061487C-0AD3-444E-B159-6B768F2D4EA8}.Debug|Any CPU.ActiveCfg = Debug|Any CPU
		{C061487C-0AD3-444E-B159-6B768F2D4EA8}.Debug|Any CPU.Build.0 = Debug|Any CPU
		{C061487C-0AD3-444E-B159-6B768F2D4EA8}.Debug|ARM.ActiveCfg = Debug|Any CPU
		{C061487C-0AD3-444E-B159-6B768F2D4EA8}.Debug|ARM.Build.0 = Debug|Any CPU
		{C061487C-0AD3-444E-B159-6B768F2D4EA8}.Debug|iPhone.ActiveCfg = Debug|Any CPU
		{C061487C-0AD3-444E-B159-6B768F2D4EA8}.Debug|iPhone.Build.0 = Debug|Any CPU
		{C061487C-0AD3-444E-B159-6B768F2D4EA8}.Debug|iPhoneSimulator.ActiveCfg = Debug|Any CPU
		{C061487C-0AD3-444E-B159-6B768F2D4EA8}.Debug|iPhoneSimulator.Build.0 = Debug|Any CPU
		{C061487C-0AD3-444E-B159-6B768F2D4EA8}.Debug|x64.ActiveCfg = Debug|Any CPU
		{C061487C-0AD3-444E-B159-6B768F2D4EA8}.Debug|x64.Build.0 = Debug|Any CPU
		{C061487C-0AD3-444E-B159-6B768F2D4EA8}.Debug|x86.ActiveCfg = Debug|Any CPU
		{C061487C-0AD3-444E-B159-6B768F2D4EA8}.Debug|x86.Build.0 = Debug|Any CPU
		{C061487C-0AD3-444E-B159-6B768F2D4EA8}.Release|Any CPU.ActiveCfg = Release|Any CPU
		{C061487C-0AD3-444E-B159-6B768F2D4EA8}.Release|Any CPU.Build.0 = Release|Any CPU
		{C061487C-0AD3-444E-B159-6B768F2D4EA8}.Release|ARM.ActiveCfg = Release|Any CPU
		{C061487C-0AD3-444E-B159-6B768F2D4EA8}.Release|ARM.Build.0 = Release|Any CPU
		{C061487C-0AD3-444E-B159-6B768F2D4EA8}.Release|iPhone.ActiveCfg = Release|Any CPU
		{C061487C-0AD3-444E-B159-6B768F2D4EA8}.Release|iPhone.Build.0 = Release|Any CPU
		{C061487C-0AD3-444E-B159-6B768F2D4EA8}.Release|iPhoneSimulator.ActiveCfg = Release|Any CPU
		{C061487C-0AD3-444E-B159-6B768F2D4EA8}.Release|iPhoneSimulator.Build.0 = Release|Any CPU
		{C061487C-0AD3-444E-B159-6B768F2D4EA8}.Release|x64.ActiveCfg = Release|Any CPU
		{C061487C-0AD3-444E-B159-6B768F2D4EA8}.Release|x64.Build.0 = Release|Any CPU
		{C061487C-0AD3-444E-B159-6B768F2D4EA8}.Release|x86.ActiveCfg = Release|Any CPU
		{C061487C-0AD3-444E-B159-6B768F2D4EA8}.Release|x86.Build.0 = Release|Any CPU
		{C061487C-0AD3-444E-B159-6B768F2D4EA8}.Test|Any CPU.ActiveCfg = Debug|Any CPU
		{C061487C-0AD3-444E-B159-6B768F2D4EA8}.Test|Any CPU.Build.0 = Debug|Any CPU
		{C061487C-0AD3-444E-B159-6B768F2D4EA8}.Test|ARM.ActiveCfg = Debug|Any CPU
		{C061487C-0AD3-444E-B159-6B768F2D4EA8}.Test|ARM.Build.0 = Debug|Any CPU
		{C061487C-0AD3-444E-B159-6B768F2D4EA8}.Test|iPhone.ActiveCfg = Debug|Any CPU
		{C061487C-0AD3-444E-B159-6B768F2D4EA8}.Test|iPhone.Build.0 = Debug|Any CPU
		{C061487C-0AD3-444E-B159-6B768F2D4EA8}.Test|iPhoneSimulator.ActiveCfg = Debug|Any CPU
		{C061487C-0AD3-444E-B159-6B768F2D4EA8}.Test|iPhoneSimulator.Build.0 = Debug|Any CPU
		{C061487C-0AD3-444E-B159-6B768F2D4EA8}.Test|x64.ActiveCfg = Debug|Any CPU
		{C061487C-0AD3-444E-B159-6B768F2D4EA8}.Test|x64.Build.0 = Debug|Any CPU
		{C061487C-0AD3-444E-B159-6B768F2D4EA8}.Test|x86.ActiveCfg = Debug|Any CPU
		{C061487C-0AD3-444E-B159-6B768F2D4EA8}.Test|x86.Build.0 = Debug|Any CPU
		{F0827266-B7B7-4B98-BDE4-BDFB30A149AA}.Ad-Hoc|Any CPU.ActiveCfg = Release|Any CPU
		{F0827266-B7B7-4B98-BDE4-BDFB30A149AA}.Ad-Hoc|Any CPU.Build.0 = Release|Any CPU
		{F0827266-B7B7-4B98-BDE4-BDFB30A149AA}.Ad-Hoc|ARM.ActiveCfg = Release|Any CPU
		{F0827266-B7B7-4B98-BDE4-BDFB30A149AA}.Ad-Hoc|ARM.Build.0 = Release|Any CPU
		{F0827266-B7B7-4B98-BDE4-BDFB30A149AA}.Ad-Hoc|iPhone.ActiveCfg = Release|Any CPU
		{F0827266-B7B7-4B98-BDE4-BDFB30A149AA}.Ad-Hoc|iPhone.Build.0 = Release|Any CPU
		{F0827266-B7B7-4B98-BDE4-BDFB30A149AA}.Ad-Hoc|iPhoneSimulator.ActiveCfg = Release|Any CPU
		{F0827266-B7B7-4B98-BDE4-BDFB30A149AA}.Ad-Hoc|iPhoneSimulator.Build.0 = Release|Any CPU
		{F0827266-B7B7-4B98-BDE4-BDFB30A149AA}.Ad-Hoc|x64.ActiveCfg = Release|Any CPU
		{F0827266-B7B7-4B98-BDE4-BDFB30A149AA}.Ad-Hoc|x64.Build.0 = Release|Any CPU
		{F0827266-B7B7-4B98-BDE4-BDFB30A149AA}.Ad-Hoc|x86.ActiveCfg = Release|Any CPU
		{F0827266-B7B7-4B98-BDE4-BDFB30A149AA}.Ad-Hoc|x86.Build.0 = Release|Any CPU
		{F0827266-B7B7-4B98-BDE4-BDFB30A149AA}.AppStore|Any CPU.ActiveCfg = Release|Any CPU
		{F0827266-B7B7-4B98-BDE4-BDFB30A149AA}.AppStore|Any CPU.Build.0 = Release|Any CPU
		{F0827266-B7B7-4B98-BDE4-BDFB30A149AA}.AppStore|ARM.ActiveCfg = Release|Any CPU
		{F0827266-B7B7-4B98-BDE4-BDFB30A149AA}.AppStore|ARM.Build.0 = Release|Any CPU
		{F0827266-B7B7-4B98-BDE4-BDFB30A149AA}.AppStore|iPhone.ActiveCfg = Release|Any CPU
		{F0827266-B7B7-4B98-BDE4-BDFB30A149AA}.AppStore|iPhone.Build.0 = Release|Any CPU
		{F0827266-B7B7-4B98-BDE4-BDFB30A149AA}.AppStore|iPhoneSimulator.ActiveCfg = Release|Any CPU
		{F0827266-B7B7-4B98-BDE4-BDFB30A149AA}.AppStore|iPhoneSimulator.Build.0 = Release|Any CPU
		{F0827266-B7B7-4B98-BDE4-BDFB30A149AA}.AppStore|x64.ActiveCfg = Release|Any CPU
		{F0827266-B7B7-4B98-BDE4-BDFB30A149AA}.AppStore|x64.Build.0 = Release|Any CPU
		{F0827266-B7B7-4B98-BDE4-BDFB30A149AA}.AppStore|x86.ActiveCfg = Release|Any CPU
		{F0827266-B7B7-4B98-BDE4-BDFB30A149AA}.AppStore|x86.Build.0 = Release|Any CPU
		{F0827266-B7B7-4B98-BDE4-BDFB30A149AA}.Debug|Any CPU.ActiveCfg = Debug|Any CPU
		{F0827266-B7B7-4B98-BDE4-BDFB30A149AA}.Debug|Any CPU.Build.0 = Debug|Any CPU
		{F0827266-B7B7-4B98-BDE4-BDFB30A149AA}.Debug|ARM.ActiveCfg = Debug|Any CPU
		{F0827266-B7B7-4B98-BDE4-BDFB30A149AA}.Debug|ARM.Build.0 = Debug|Any CPU
		{F0827266-B7B7-4B98-BDE4-BDFB30A149AA}.Debug|iPhone.ActiveCfg = Debug|Any CPU
		{F0827266-B7B7-4B98-BDE4-BDFB30A149AA}.Debug|iPhone.Build.0 = Debug|Any CPU
		{F0827266-B7B7-4B98-BDE4-BDFB30A149AA}.Debug|iPhoneSimulator.ActiveCfg = Debug|Any CPU
		{F0827266-B7B7-4B98-BDE4-BDFB30A149AA}.Debug|iPhoneSimulator.Build.0 = Debug|Any CPU
		{F0827266-B7B7-4B98-BDE4-BDFB30A149AA}.Debug|x64.ActiveCfg = Debug|Any CPU
		{F0827266-B7B7-4B98-BDE4-BDFB30A149AA}.Debug|x64.Build.0 = Debug|Any CPU
		{F0827266-B7B7-4B98-BDE4-BDFB30A149AA}.Debug|x86.ActiveCfg = Debug|Any CPU
		{F0827266-B7B7-4B98-BDE4-BDFB30A149AA}.Debug|x86.Build.0 = Debug|Any CPU
		{F0827266-B7B7-4B98-BDE4-BDFB30A149AA}.Release|Any CPU.ActiveCfg = Release|Any CPU
		{F0827266-B7B7-4B98-BDE4-BDFB30A149AA}.Release|Any CPU.Build.0 = Release|Any CPU
		{F0827266-B7B7-4B98-BDE4-BDFB30A149AA}.Release|ARM.ActiveCfg = Release|Any CPU
		{F0827266-B7B7-4B98-BDE4-BDFB30A149AA}.Release|ARM.Build.0 = Release|Any CPU
		{F0827266-B7B7-4B98-BDE4-BDFB30A149AA}.Release|iPhone.ActiveCfg = Release|Any CPU
		{F0827266-B7B7-4B98-BDE4-BDFB30A149AA}.Release|iPhone.Build.0 = Release|Any CPU
		{F0827266-B7B7-4B98-BDE4-BDFB30A149AA}.Release|iPhoneSimulator.ActiveCfg = Release|Any CPU
		{F0827266-B7B7-4B98-BDE4-BDFB30A149AA}.Release|iPhoneSimulator.Build.0 = Release|Any CPU
		{F0827266-B7B7-4B98-BDE4-BDFB30A149AA}.Release|x64.ActiveCfg = Release|Any CPU
		{F0827266-B7B7-4B98-BDE4-BDFB30A149AA}.Release|x64.Build.0 = Release|Any CPU
		{F0827266-B7B7-4B98-BDE4-BDFB30A149AA}.Release|x86.ActiveCfg = Release|Any CPU
		{F0827266-B7B7-4B98-BDE4-BDFB30A149AA}.Release|x86.Build.0 = Release|Any CPU
		{F0827266-B7B7-4B98-BDE4-BDFB30A149AA}.Test|Any CPU.ActiveCfg = Release|Any CPU
		{F0827266-B7B7-4B98-BDE4-BDFB30A149AA}.Test|Any CPU.Build.0 = Release|Any CPU
		{F0827266-B7B7-4B98-BDE4-BDFB30A149AA}.Test|ARM.ActiveCfg = Release|Any CPU
		{F0827266-B7B7-4B98-BDE4-BDFB30A149AA}.Test|ARM.Build.0 = Release|Any CPU
		{F0827266-B7B7-4B98-BDE4-BDFB30A149AA}.Test|iPhone.ActiveCfg = Release|Any CPU
		{F0827266-B7B7-4B98-BDE4-BDFB30A149AA}.Test|iPhone.Build.0 = Release|Any CPU
		{F0827266-B7B7-4B98-BDE4-BDFB30A149AA}.Test|iPhoneSimulator.ActiveCfg = Release|Any CPU
		{F0827266-B7B7-4B98-BDE4-BDFB30A149AA}.Test|iPhoneSimulator.Build.0 = Release|Any CPU
		{F0827266-B7B7-4B98-BDE4-BDFB30A149AA}.Test|x64.ActiveCfg = Release|Any CPU
		{F0827266-B7B7-4B98-BDE4-BDFB30A149AA}.Test|x64.Build.0 = Release|Any CPU
		{F0827266-B7B7-4B98-BDE4-BDFB30A149AA}.Test|x86.ActiveCfg = Release|Any CPU
		{F0827266-B7B7-4B98-BDE4-BDFB30A149AA}.Test|x86.Build.0 = Release|Any CPU
	EndGlobalSection
	GlobalSection(SolutionProperties) = preSolution
		HideSolutionNode = FALSE
	EndGlobalSection
	GlobalSection(ExtensibilityGlobals) = postSolution
		SolutionGuid = {EDD33440-3876-47B1-9604-04286CD5EAF6}
	EndGlobalSection
EndGlobal
